// !$*UTF8*$!
{
	archiveVersion = 1;
	classes = {
	};
	objectVersion = 46;
	objects = {

/* Begin PBXBuildFile section */
		4CDEF7F919DCF22A00465DAE /* AppDelegate.swift in Sources */ = {isa = PBXBuildFile; fileRef = 4CDEF7F819DCF22A00465DAE /* AppDelegate.swift */; };
		4CDEF7FB19DCF22A00465DAE /* ViewController.swift in Sources */ = {isa = PBXBuildFile; fileRef = 4CDEF7FA19DCF22A00465DAE /* ViewController.swift */; };
		4CDEF7FE19DCF22A00465DAE /* Main.storyboard in Resources */ = {isa = PBXBuildFile; fileRef = 4CDEF7FC19DCF22A00465DAE /* Main.storyboard */; };
		4CDEF80019DCF22A00465DAE /* Images.xcassets in Resources */ = {isa = PBXBuildFile; fileRef = 4CDEF7FF19DCF22A00465DAE /* Images.xcassets */; };
		4CDEF80319DCF22A00465DAE /* LaunchScreen.xib in Resources */ = {isa = PBXBuildFile; fileRef = 4CDEF80119DCF22A00465DAE /* LaunchScreen.xib */; };
		4CDEF80F19DCF22A00465DAE /* PostcardTests.swift in Sources */ = {isa = PBXBuildFile; fileRef = 4CDEF80E19DCF22A00465DAE /* PostcardTests.swift */; };
		4CDEF81A19DCFD0200465DAE /* AlbertEinsteinStamp.jpg in Resources */ = {isa = PBXBuildFile; fileRef = 4CDEF81819DCFD0200465DAE /* AlbertEinsteinStamp.jpg */; };
		4CDEF81B19DCFD0200465DAE /* SagradaFamilia.jpeg in Resources */ = {isa = PBXBuildFile; fileRef = 4CDEF81919DCFD0200465DAE /* SagradaFamilia.jpeg */; };
/* End PBXBuildFile section */

/* Begin PBXContainerItemProxy section */
		4CDEF80919DCF22A00465DAE /* PBXContainerItemProxy */ = {
			isa = PBXContainerItemProxy;
			containerPortal = 4CDEF7EB19DCF22A00465DAE /* Project object */;
			proxyType = 1;
			remoteGlobalIDString = 4CDEF7F219DCF22A00465DAE;
			remoteInfo = Postcard;
		};
/* End PBXContainerItemProxy section */

/* Begin PBXFileReference section */
		4CDEF7F319DCF22A00465DAE /* Postcard.app */ = {isa = PBXFileReference; explicitFileType = wrapper.application; includeInIndex = 0; path = Postcard.app; sourceTree = BUILT_PRODUCTS_DIR; };
		4CDEF7F719DCF22A00465DAE /* Info.plist */ = {isa = PBXFileReference; lastKnownFileType = text.plist.xml; path = Info.plist; sourceTree = "<group>"; };
		4CDEF7F819DCF22A00465DAE /* AppDelegate.swift */ = {isa = PBXFileReference; lastKnownFileType = sourcecode.swift; path = AppDelegate.swift; sourceTree = "<group>"; };
		4CDEF7FA19DCF22A00465DAE /* ViewController.swift */ = {isa = PBXFileReference; lastKnownFileType = sourcecode.swift; path = ViewController.swift; sourceTree = "<group>"; };
		4CDEF7FD19DCF22A00465DAE /* Base */ = {isa = PBXFileReference; lastKnownFileType = file.storyboard; name = Base; path = Base.lproj/Main.storyboard; sourceTree = "<group>"; };
		4CDEF7FF19DCF22A00465DAE /* Images.xcassets */ = {isa = PBXFileReference; lastKnownFileType = folder.assetcatalog; path = Images.xcassets; sourceTree = "<group>"; };
		4CDEF80219DCF22A00465DAE /* Base */ = {isa = PBXFileReference; lastKnownFileType = file.xib; name = Base; path = Base.lproj/LaunchScreen.xib; sourceTree = "<group>"; };
		4CDEF80819DCF22A00465DAE /* PostcardTests.xctest */ = {isa = PBXFileReference; explicitFileType = wrapper.cfbundle; includeInIndex = 0; path = PostcardTests.xctest; sourceTree = BUILT_PRODUCTS_DIR; };
		4CDEF80D19DCF22A00465DAE /* Info.plist */ = {isa = PBXFileReference; lastKnownFileType = text.plist.xml; path = Info.plist; sourceTree = "<group>"; };
		4CDEF80E19DCF22A00465DAE /* PostcardTests.swift */ = {isa = PBXFileReference; lastKnownFileType = sourcecode.swift; path = PostcardTests.swift; sourceTree = "<group>"; };
		4CDEF81819DCFD0200465DAE /* AlbertEinsteinStamp.jpg */ = {isa = PBXFileReference; lastKnownFileType = image.jpeg; path = AlbertEinsteinStamp.jpg; sourceTree = "<group>"; };
		4CDEF81919DCFD0200465DAE /* SagradaFamilia.jpeg */ = {isa = PBXFileReference; lastKnownFileType = image.jpeg; path = SagradaFamilia.jpeg; sourceTree = "<group>"; };
/* End PBXFileReference section */

/* Begin PBXFrameworksBuildPhase section */
		4CDEF7F019DCF22A00465DAE /* Frameworks */ = {
			isa = PBXFrameworksBuildPhase;
			buildActionMask = 2147483647;
			files = (
			);
			runOnlyForDeploymentPostprocessing = 0;
		};
		4CDEF80519DCF22A00465DAE /* Frameworks */ = {
			isa = PBXFrameworksBuildPhase;
			buildActionMask = 2147483647;
			files = (
			);
			runOnlyForDeploymentPostprocessing = 0;
		};
/* End PBXFrameworksBuildPhase section */

/* Begin PBXGroup section */
		4CDEF7EA19DCF22A00465DAE = {
			isa = PBXGroup;
			children = (
				4CDEF7F519DCF22A00465DAE /* Postcard */,
				4CDEF80B19DCF22A00465DAE /* PostcardTests */,
				4CDEF7F419DCF22A00465DAE /* Products */,
			);
			sourceTree = "<group>";
		};
		4CDEF7F419DCF22A00465DAE /* Products */ = {
			isa = PBXGroup;
			children = (
				4CDEF7F319DCF22A00465DAE /* Postcard.app */,
				4CDEF80819DCF22A00465DAE /* PostcardTests.xctest */,
			);
			name = Products;
			sourceTree = "<group>";
		};
		4CDEF7F519DCF22A00465DAE /* Postcard */ = {
			isa = PBXGroup;
			children = (
				4CDEF7F819DCF22A00465DAE /* AppDelegate.swift */,
				4CDEF7FA19DCF22A00465DAE /* ViewController.swift */,
				4CDEF7FC19DCF22A00465DAE /* Main.storyboard */,
				4CDEF7FF19DCF22A00465DAE /* Images.xcassets */,
				4CDEF80119DCF22A00465DAE /* LaunchScreen.xib */,
				4CDEF7F619DCF22A00465DAE /* Supporting Files */,
			);
			path = Postcard;
			sourceTree = "<group>";
		};
		4CDEF7F619DCF22A00465DAE /* Supporting Files */ = {
			isa = PBXGroup;
			children = (
				4CDEF81819DCFD0200465DAE /* AlbertEinsteinStamp.jpg */,
				4CDEF81919DCFD0200465DAE /* SagradaFamilia.jpeg */,
				4CDEF7F719DCF22A00465DAE /* Info.plist */,
			);
			name = "Supporting Files";
			sourceTree = "<group>";
		};
		4CDEF80B19DCF22A00465DAE /* PostcardTests */ = {
			isa = PBXGroup;
			children = (
				4CDEF80E19DCF22A00465DAE /* PostcardTests.swift */,
				4CDEF80C19DCF22A00465DAE /* Supporting Files */,
			);
			path = PostcardTests;
			sourceTree = "<group>";
		};
		4CDEF80C19DCF22A00465DAE /* Supporting Files */ = {
			isa = PBXGroup;
			children = (
				4CDEF80D19DCF22A00465DAE /* Info.plist */,
			);
			name = "Supporting Files";
			sourceTree = "<group>";
		};
/* End PBXGroup section */

/* Begin PBXNativeTarget section */
		4CDEF7F219DCF22A00465DAE /* Postcard */ = {
			isa = PBXNativeTarget;
			buildConfigurationList = 4CDEF81219DCF22A00465DAE /* Build configuration list for PBXNativeTarget "Postcard" */;
			buildPhases = (
				4CDEF7EF19DCF22A00465DAE /* Sources */,
				4CDEF7F019DCF22A00465DAE /* Frameworks */,
				4CDEF7F119DCF22A00465DAE /* Resources */,
			);
			buildRules = (
			);
			dependencies = (
			);
			name = Postcard;
			productName = Postcard;
			productReference = 4CDEF7F319DCF22A00465DAE /* Postcard.app */;
			productType = "com.apple.product-type.application";
		};
		4CDEF80719DCF22A00465DAE /* PostcardTests */ = {
			isa = PBXNativeTarget;
			buildConfigurationList = 4CDEF81519DCF22A00465DAE /* Build configuration list for PBXNativeTarget "PostcardTests" */;
			buildPhases = (
				4CDEF80419DCF22A00465DAE /* Sources */,
				4CDEF80519DCF22A00465DAE /* Frameworks */,
				4CDEF80619DCF22A00465DAE /* Resources */,
			);
			buildRules = (
			);
			dependencies = (
				4CDEF80A19DCF22A00465DAE /* PBXTargetDependency */,
			);
			name = PostcardTests;
			productName = PostcardTests;
			productReference = 4CDEF80819DCF22A00465DAE /* PostcardTests.xctest */;
			productType = "com.apple.product-type.bundle.unit-test";
		};
/* End PBXNativeTarget section */

/* Begin PBXProject section */
		4CDEF7EB19DCF22A00465DAE /* Project object */ = {
			isa = PBXProject;
			attributes = {
				LastUpgradeCheck = 0610;
				ORGANIZATIONNAME = Michael;
				TargetAttributes = {
					4CDEF7F219DCF22A00465DAE = {
						CreatedOnToolsVersion = 6.1;
					};
					4CDEF80719DCF22A00465DAE = {
						CreatedOnToolsVersion = 6.1;
						TestTargetID = 4CDEF7F219DCF22A00465DAE;
					};
				};
			};
			buildConfigurationList = 4CDEF7EE19DCF22A00465DAE /* Build configuration list for PBXProject "Postcard" */;
			compatibilityVersion = "Xcode 3.2";
			developmentRegion = English;
			hasScannedForEncodings = 0;
			knownRegions = (
				en,
				Base,
			);
			mainGroup = 4CDEF7EA19DCF22A00465DAE;
			productRefGroup = 4CDEF7F419DCF22A00465DAE /* Products */;
			projectDirPath = "";
			projectRoot = "";
			targets = (
				4CDEF7F219DCF22A00465DAE /* Postcard */,
				4CDEF80719DCF22A00465DAE /* PostcardTests */,
			);
		};
/* End PBXProject section */

/* Begin PBXResourcesBuildPhase section */
		4CDEF7F119DCF22A00465DAE /* Resources */ = {
			isa = PBXResourcesBuildPhase;
			buildActionMask = 2147483647;
			files = (
				4CDEF81A19DCFD0200465DAE /* AlbertEinsteinStamp.jpg in Resources */,
				4CDEF7FE19DCF22A00465DAE /* Main.storyboard in Resources */,
				4CDEF80319DCF22A00465DAE /* LaunchScreen.xib in Resources */,
				4CDEF80019DCF22A00465DAE /* Images.xcassets in Resources */,
				4CDEF81B19DCFD0200465DAE /* SagradaFamilia.jpeg in Resources */,
			);
			runOnlyForDeploymentPostprocessing = 0;
		};
		4CDEF80619DCF22A00465DAE /* Resources */ = {
			isa = PBXResourcesBuildPhase;
			buildActionMask = 2147483647;
			files = (
			);
			runOnlyForDeploymentPostprocessing = 0;
		};
/* End PBXResourcesBuildPhase section */

/* Begin PBXSourcesBuildPhase section */
		4CDEF7EF19DCF22A00465DAE /* Sources */ = {
			isa = PBXSourcesBuildPhase;
			buildActionMask = 2147483647;
			files = (
				4CDEF7FB19DCF22A00465DAE /* ViewController.swift in Sources */,
				4CDEF7F919DCF22A00465DAE /* AppDelegate.swift in Sources */,
			);
			runOnlyForDeploymentPostprocessing = 0;
		};
		4CDEF80419DCF22A00465DAE /* Sources */ = {
			isa = PBXSourcesBuildPhase;
			buildActionMask = 2147483647;
			files = (
				4CDEF80F19DCF22A00465DAE /* PostcardTests.swift in Sources */,
			);
			runOnlyForDeploymentPostprocessing = 0;
		};
/* End PBXSourcesBuildPhase section */

/* Begin PBXTargetDependency section */
		4CDEF80A19DCF22A00465DAE /* PBXTargetDependency */ = {
			isa = PBXTargetDependency;
			target = 4CDEF7F219DCF22A00465DAE /* Postcard */;
			targetProxy = 4CDEF80919DCF22A00465DAE /* PBXContainerItemProxy */;
		};
/* End PBXTargetDependency section */

/* Begin PBXVariantGroup section */
		4CDEF7FC19DCF22A00465DAE /* Main.storyboard */ = {
			isa = PBXVariantGroup;
			children = (
				4CDEF7FD19DCF22A00465DAE /* Base */,
			);
			name = Main.storyboard;
			sourceTree = "<group>";
		};
		4CDEF80119DCF22A00465DAE /* LaunchScreen.xib */ = {
			isa = PBXVariantGroup;
			children = (
				4CDEF80219DCF22A00465DAE /* Base */,
			);
			name = LaunchScreen.xib;
			sourceTree = "<group>";
		};
/* End PBXVariantGroup section */

/* Begin XCBuildConfiguration section */
		4CDEF81019DCF22A00465DAE /* Debug */ = {
			isa = XCBuildConfiguration;
			buildSettings = {
				ALWAYS_SEARCH_USER_PATHS = NO;
				CLANG_CXX_LANGUAGE_STANDARD = "gnu++0x";
				CLANG_CXX_LIBRARY = "libc++";
				CLANG_ENABLE_MODULES = YES;
				CLANG_ENABLE_OBJC_ARC = YES;
				CLANG_WARN_BOOL_CONVERSION = YES;
				CLANG_WARN_CONSTANT_CONVERSION = YES;
				CLANG_WARN_DIRECT_OBJC_ISA_USAGE = YES_ERROR;
				CLANG_WARN_EMPTY_BODY = YES;
				CLANG_WARN_ENUM_CONVERSION = YES;
				CLANG_WARN_INT_CONVERSION = YES;
				CLANG_WARN_OBJC_ROOT_CLASS = YES_ERROR;
				CLANG_WARN_UNREACHABLE_CODE = YES;
				CLANG_WARN__DUPLICATE_METHOD_MATCH = YES;
				"CODE_SIGN_IDENTITY[sdk=iphoneos*]" = "iPhone Developer";
				COPY_PHASE_STRIP = NO;
				ENABLE_STRICT_OBJC_MSGSEND = YES;
				GCC_C_LANGUAGE_STANDARD = gnu99;
				GCC_DYNAMIC_NO_PIC = NO;
				GCC_OPTIMIZATION_LEVEL = 0;
				GCC_PREPROCESSOR_DEFINITIONS = (
					"DEBUG=1",
					"$(inherited)",
				);
				GCC_SYMBOLS_PRIVATE_EXTERN = NO;
				GCC_WARN_64_TO_32_BIT_CONVERSION = YES;
				GCC_WARN_ABOUT_RETURN_TYPE = YES_ERROR;
				GCC_WARN_UNDECLARED_SELECTOR = YES;
				GCC_WARN_UNINITIALIZED_AUTOS = YES_AGGRESSIVE;
				GCC_WARN_UNUSED_FUNCTION = YES;
				GCC_WARN_UNUSED_VARIABLE = YES;
				IPHONEOS_DEPLOYMENT_TARGET = 8.1;
				MTL_ENABLE_DEBUG_INFO = YES;
				ONLY_ACTIVE_ARCH = YES;
				SDKROOT = iphoneos;
				SWIFT_OPTIMIZATION_LEVEL = "-Onone";
				TARGETED_DEVICE_FAMILY = "1,2";
			};
			name = Debug;
		};
		4CDEF81119DCF22A00465DAE /* Release */ = {
			isa = XCBuildConfiguration;
			buildSettings = {
				ALWAYS_SEARCH_USER_PATHS = NO;
				CLANG_CXX_LANGUAGE_STANDARD = "gnu++0x";
				CLANG_CXX_LIBRARY = "libc++";
				CLANG_ENABLE_MODULES = YES;
				CLANG_ENABLE_OBJC_ARC = YES;
				CLANG_WARN_BOOL_CONVERSION = YES;
				CLANG_WARN_CONSTANT_CONVERSION = YES;
				CLANG_WARN_DIRECT_OBJC_ISA_USAGE = YES_ERROR;
				CLANG_WARN_EMPTY_BODY = YES;
				CLANG_WARN_ENUM_CONVERSION = YES;
				CLANG_WARN_INT_CONVERSION = YES;
				CLANG_WARN_OBJC_ROOT_CLASS = YES_ERROR;
				CLANG_WARN_UNREACHABLE_CODE = YES;
				CLANG_WARN__DUPLICATE_METHOD_MATCH = YES;
				"CODE_SIGN_IDENTITY[sdk=iphoneos*]" = "iPhone Developer";
				COPY_PHASE_STRIP = YES;
				ENABLE_NS_ASSERTIONS = NO;
				ENABLE_STRICT_OBJC_MSGSEND = YES;
				GCC_C_LANGUAGE_STANDARD = gnu99;
				GCC_WARN_64_TO_32_BIT_CONVERSION = YES;
				GCC_WARN_ABOUT_RETURN_TYPE = YES_ERROR;
				GCC_WARN_UNDECLARED_SELECTOR = YES;
				GCC_WARN_UNINITIALIZED_AUTOS = YES_AGGRESSIVE;
				GCC_WARN_UNUSED_FUNCTION = YES;
				GCC_WARN_UNUSED_VARIABLE = YES;
				IPHONEOS_DEPLOYMENT_TARGET = 8.1;
				MTL_ENABLE_DEBUG_INFO = NO;
				SDKROOT = iphoneos;
				TARGETED_DEVICE_FAMILY = "1,2";
				VALIDATE_PRODUCT = YES;
			};
			name = Release;
		};
		4CDEF81319DCF22A00465DAE /* Debug */ = {
			isa = XCBuildConfiguration;
			buildSettings = {
				ASSETCATALOG_COMPILER_APPICON_NAME = AppIcon;
				INFOPLIST_FILE = Postcard/Info.plist;
				IPHONEOS_DEPLOYMENT_TARGET = 8.0;
				LD_RUNPATH_SEARCH_PATHS = "$(inherited) @executable_path/Frameworks";
				PRODUCT_NAME = "$(TARGET_NAME)";
			};
			name = Debug;
		};
		4CDEF81419DCF22A00465DAE /* Release */ = {
			isa = XCBuildConfiguration;
			buildSettings = {
				ASSETCATALOG_COMPILER_APPICON_NAME = AppIcon;
				INFOPLIST_FILE = Postcard/Info.plist;
				IPHONEOS_DEPLOYMENT_TARGET = 8.0;
				LD_RUNPATH_SEARCH_PATHS = "$(inherited) @executable_path/Frameworks";
				PRODUCT_NAME = "$(TARGET_NAME)";
			};
			name = Release;
		};
		4CDEF81619DCF22A00465DAE /* Debug */ = {
			isa = XCBuildConfiguration;
			buildSettings = {
				BUNDLE_LOADER = "$(TEST_HOST)";
				FRAMEWORK_SEARCH_PATHS = (
					"$(SDKROOT)/Developer/Library/Frameworks",
					"$(inherited)",
				);
				GCC_PREPROCESSOR_DEFINITIONS = (
					"DEBUG=1",
					"$(inherited)",
				);
				INFOPLIST_FILE = PostcardTests/Info.plist;
				LD_RUNPATH_SEARCH_PATHS = "$(inherited) @executable_path/Frameworks @loader_path/Frameworks";
				PRODUCT_NAME = "$(TARGET_NAME)";
				TEST_HOST = "$(BUILT_PRODUCTS_DIR)/Postcard.app/Postcard";
			};
			name = Debug;
		};
		4CDEF81719DCF22A00465DAE /* Release */ = {
			isa = XCBuildConfiguration;
			buildSettings = {
				BUNDLE_LOADER = "$(TEST_HOST)";
				FRAMEWORK_SEARCH_PATHS = (
					"$(SDKROOT)/Developer/Library/Frameworks",
					"$(inherited)",
				);
				INFOPLIST_FILE = PostcardTests/Info.plist;
				LD_RUNPATH_SEARCH_PATHS = "$(inherited) @executable_path/Frameworks @loader_path/Frameworks";
				PRODUCT_NAME = "$(TARGET_NAME)";
				TEST_HOST = "$(BUILT_PRODUCTS_DIR)/Postcard.app/Postcard";
			};
			name = Release;
		};
/* End XCBuildConfiguration section */

/* Begin XCConfigurationList section */
		4CDEF7EE19DCF22A00465DAE /* Build configuration list for PBXProject "Postcard" */ = {
			isa = XCConfigurationList;
			buildConfigurations = (
				4CDEF81019DCF22A00465DAE /* Debug */,
				4CDEF81119DCF22A00465DAE /* Release */,
			);
			defaultConfigurationIsVisible = 0;
			defaultConfigurationName = Release;
		};
		4CDEF81219DCF22A00465DAE /* Build configuration list for PBXNativeTarget "Postcard" */ = {
			isa = XCConfigurationList;
			buildConfigurations = (
				4CDEF81319DCF22A00465DAE /* Debug */,
				4CDEF81419DCF22A00465DAE /* Release */,
			);
			defaultConfigurationIsVisible = 0;
		};
		4CDEF81519DCF22A00465DAE /* Build configuration list for PBXNativeTarget "PostcardTests" */ = {
			isa = XCConfigurationList;
			buildConfigurations = (
				4CDEF81619DCF22A00465DAE /* Debug */,
				4CDEF81719DCF22A00465DAE /* Release */,
			);
			defaultConfigurationIsVisible = 0;
		};
/* End XCConfigurationList section */
	};
	rootObject = 4CDEF7EB19DCF22A00465DAE /* Project object */;
}
